
Microsoft Visual Studio Solution File, Format Version 12.00
# Visual Studio Version 16
VisualStudioVersion = 16.0.31313.79
MinimumVisualStudioVersion = 10.0.40219.1
Project("{9A19103F-16F7-4668-BE54-9A1E7A4F7556}") = "DataInjestion.Elasticsearch", "DataInjestion.Elasticsearch\DataInjestion.Elasticsearch.csproj", "{1D71C331-DA68-4C4B-A295-635DE711642E}"
EndProject
Project("{FAE04EC0-301F-11D3-BF4B-00C04F79EFBC}") = "DataInjestion.Elasticsearch.Test", "DataInjestion.Elasticsearch.Test\DataInjestion.Elasticsearch.Test.csproj", "{DD1F3BBF-B145-4A30-8DC3-92D51677DB8E}"
EndProject
Global
	GlobalSection(SolutionConfigurationPlatforms) = preSolution
		Debug|Any CPU = Debug|Any CPU
		Release|Any CPU = Release|Any CPU
	EndGlobalSection
	GlobalSection(ProjectConfigurationPlatforms) = postSolution
		{1D71C331-DA68-4C4B-A295-635DE711642E}.Debug|Any CPU.ActiveCfg = Debug|Any CPU
		{1D71C331-DA68-4C4B-A295-635DE711642E}.Debug|Any CPU.Build.0 = Debug|Any CPU
		{1D71C331-DA68-4C4B-A295-635DE711642E}.Release|Any CPU.ActiveCfg = Release|Any CPU
		{1D71C331-DA68-4C4B-A295-635DE711642E}.Release|Any CPU.Build.0 = Release|Any CPU
		{DD1F3BBF-B145-4A30-8DC3-92D51677DB8E}.Debug|Any CPU.ActiveCfg = Debug|Any CPU
		{DD1F3BBF-B145-4A30-8DC3-92D51677DB8E}.Debug|Any CPU.Build.0 = Debug|Any CPU
		{DD1F3BBF-B145-4A30-8DC3-92D51677DB8E}.Release|Any CPU.ActiveCfg = Release|Any CPU
		{DD1F3BBF-B145-4A30-8DC3-92D51677DB8E}.Release|Any CPU.Build.0 = Release|Any CPU
	EndGlobalSection
	GlobalSection(SolutionProperties) = preSolution
		HideSolutionNode = FALSE
	EndGlobalSection
	GlobalSection(ExtensibilityGlobals) = postSolution
		SolutionGuid = {5B0AF33F-8B7D-4A4E-897B-032DAEA02DD5}
	EndGlobalSection
EndGlobal
